
Microsoft Visual Studio Solution File, Format Version 12.00
Project("{FAE04EC0-301F-11D3-BF4B-00C04F79EFBC}") = "Xelior", "Xelior\Xelior.csproj", "{990B4C50-CC00-42FC-A022-4BC44989E04B}"
EndProject
Global
	GlobalSection(SolutionConfigurationPlatforms) = preSolution
		Debug|Any CPU = Debug|Any CPU
		Release|Any CPU = Release|Any CPU
	EndGlobalSection
	GlobalSection(ProjectConfigurationPlatforms) = postSolution
		{990B4C50-CC00-42FC-A022-4BC44989E04B}.Debug|Any CPU.ActiveCfg = Debug|Any CPU
		{990B4C50-CC00-42FC-A022-4BC44989E04B}.Debug|Any CPU.Build.0 = Debug|Any CPU
		{990B4C50-CC00-42FC-A022-4BC44989E04B}.Release|Any CPU.ActiveCfg = Release|Any CPU
		{990B4C50-CC00-42FC-A022-4BC44989E04B}.Release|Any CPU.Build.0 = Release|Any CPU
	EndGlobalSection
EndGlobal
